
Microsoft Visual Studio Solution File, Format Version 12.00
# Visual Studio 15
VisualStudioVersion = 15.0.28307.757
MinimumVisualStudioVersion = 10.0.40219.1
Project("{8BC9CEB8-8B4A-11D0-8D11-00A0C91BC942}") = "20190807", "20190807\20190807.vcxproj", "{41D296AE-0A86-43DD-97E2-F1377742E853}"
EndProject
Global
	GlobalSection(SolutionConfigurationPlatforms) = preSolution
		Debug|x64 = Debug|x64
		Debug|x86 = Debug|x86
		Release|x64 = Release|x64
		Release|x86 = Release|x86
	EndGlobalSection
	GlobalSection(ProjectConfigurationPlatforms) = postSolution
		{41D296AE-0A86-43DD-97E2-F1377742E853}.Debug|x64.ActiveCfg = Debug|x64
		{41D296AE-0A86-43DD-97E2-F1377742E853}.Debug|x64.Build.0 = Debug|x64
		{41D296AE-0A86-43DD-97E2-F1377742E853}.Debug|x86.ActiveCfg = Debug|Win32
		{41D296AE-0A86-43DD-97E2-F1377742E853}.Debug|x86.Build.0 = Debug|Win32
		{41D296AE-0A86-43DD-97E2-F1377742E853}.Release|x64.ActiveCfg = Release|x64
		{41D296AE-0A86-43DD-97E2-F1377742E853}.Release|x64.Build.0 = Release|x64
		{41D296AE-0A86-43DD-97E2-F1377742E853}.Release|x86.ActiveCfg = Release|Win32
		{41D296AE-0A86-43DD-97E2-F1377742E853}.Release|x86.Build.0 = Release|Win32
	EndGlobalSection
	GlobalSection(SolutionProperties) = preSolution
		HideSolutionNode = FALSE
	EndGlobalSection
	GlobalSection(ExtensibilityGlobals) = postSolution
		SolutionGuid = {67C3AD09-084D-4EB5-9005-46960139A2B1}
	EndGlobalSection
EndGlobal
