
Microsoft Visual Studio Solution File, Format Version 12.00
# Visual Studio 15
VisualStudioVersion = 15.0.28307.168
MinimumVisualStudioVersion = 10.0.40219.1
Project("{8BC9CEB8-8B4A-11D0-8D11-00A0C91BC942}") = "20200614", "20200614\20200614.vcxproj", "{FD590BA2-81F4-46DA-B35C-47E07A6BE36A}"
EndProject
Global
	GlobalSection(SolutionConfigurationPlatforms) = preSolution
		Debug|x64 = Debug|x64
		Debug|x86 = Debug|x86
		Release|x64 = Release|x64
		Release|x86 = Release|x86
	EndGlobalSection
	GlobalSection(ProjectConfigurationPlatforms) = postSolution
		{FD590BA2-81F4-46DA-B35C-47E07A6BE36A}.Debug|x64.ActiveCfg = Debug|x64
		{FD590BA2-81F4-46DA-B35C-47E07A6BE36A}.Debug|x64.Build.0 = Debug|x64
		{FD590BA2-81F4-46DA-B35C-47E07A6BE36A}.Debug|x86.ActiveCfg = Debug|Win32
		{FD590BA2-81F4-46DA-B35C-47E07A6BE36A}.Debug|x86.Build.0 = Debug|Win32
		{FD590BA2-81F4-46DA-B35C-47E07A6BE36A}.Release|x64.ActiveCfg = Release|x64
		{FD590BA2-81F4-46DA-B35C-47E07A6BE36A}.Release|x64.Build.0 = Release|x64
		{FD590BA2-81F4-46DA-B35C-47E07A6BE36A}.Release|x86.ActiveCfg = Release|Win32
		{FD590BA2-81F4-46DA-B35C-47E07A6BE36A}.Release|x86.Build.0 = Release|Win32
	EndGlobalSection
	GlobalSection(SolutionProperties) = preSolution
		HideSolutionNode = FALSE
	EndGlobalSection
	GlobalSection(ExtensibilityGlobals) = postSolution
		SolutionGuid = {44AC545A-87CE-48D9-8845-1791BCB4FCB5}
	EndGlobalSection
EndGlobal
