
Microsoft Visual Studio Solution File, Format Version 12.00
# Visual Studio 15
VisualStudioVersion = 15.0.28307.168
MinimumVisualStudioVersion = 10.0.40219.1
Project("{8BC9CEB8-8B4A-11D0-8D11-00A0C91BC942}") = "20200618", "20200618\20200618.vcxproj", "{EAA3A925-E75D-4F2A-A282-1F4ED8ED8E1B}"
EndProject
Global
	GlobalSection(SolutionConfigurationPlatforms) = preSolution
		Debug|x64 = Debug|x64
		Debug|x86 = Debug|x86
		Release|x64 = Release|x64
		Release|x86 = Release|x86
	EndGlobalSection
	GlobalSection(ProjectConfigurationPlatforms) = postSolution
		{EAA3A925-E75D-4F2A-A282-1F4ED8ED8E1B}.Debug|x64.ActiveCfg = Debug|x64
		{EAA3A925-E75D-4F2A-A282-1F4ED8ED8E1B}.Debug|x64.Build.0 = Debug|x64
		{EAA3A925-E75D-4F2A-A282-1F4ED8ED8E1B}.Debug|x86.ActiveCfg = Debug|Win32
		{EAA3A925-E75D-4F2A-A282-1F4ED8ED8E1B}.Debug|x86.Build.0 = Debug|Win32
		{EAA3A925-E75D-4F2A-A282-1F4ED8ED8E1B}.Release|x64.ActiveCfg = Release|x64
		{EAA3A925-E75D-4F2A-A282-1F4ED8ED8E1B}.Release|x64.Build.0 = Release|x64
		{EAA3A925-E75D-4F2A-A282-1F4ED8ED8E1B}.Release|x86.ActiveCfg = Release|Win32
		{EAA3A925-E75D-4F2A-A282-1F4ED8ED8E1B}.Release|x86.Build.0 = Release|Win32
	EndGlobalSection
	GlobalSection(SolutionProperties) = preSolution
		HideSolutionNode = FALSE
	EndGlobalSection
	GlobalSection(ExtensibilityGlobals) = postSolution
		SolutionGuid = {E9AA37F0-BE54-48AF-A1B7-4194DABDDB8E}
	EndGlobalSection
EndGlobal
