
Microsoft Visual Studio Solution File, Format Version 12.00
# Visual Studio 15
VisualStudioVersion = 15.0.28307.168
MinimumVisualStudioVersion = 10.0.40219.1
Project("{8BC9CEB8-8B4A-11D0-8D11-00A0C91BC942}") = "Stack", "Stack\Stack.vcxproj", "{E91900E4-E5CA-4F32-8CC5-DF629EA8A804}"
EndProject
Global
	GlobalSection(SolutionConfigurationPlatforms) = preSolution
		Debug|x64 = Debug|x64
		Debug|x86 = Debug|x86
		Release|x64 = Release|x64
		Release|x86 = Release|x86
	EndGlobalSection
	GlobalSection(ProjectConfigurationPlatforms) = postSolution
		{E91900E4-E5CA-4F32-8CC5-DF629EA8A804}.Debug|x64.ActiveCfg = Debug|x64
		{E91900E4-E5CA-4F32-8CC5-DF629EA8A804}.Debug|x64.Build.0 = Debug|x64
		{E91900E4-E5CA-4F32-8CC5-DF629EA8A804}.Debug|x86.ActiveCfg = Debug|Win32
		{E91900E4-E5CA-4F32-8CC5-DF629EA8A804}.Debug|x86.Build.0 = Debug|Win32
		{E91900E4-E5CA-4F32-8CC5-DF629EA8A804}.Release|x64.ActiveCfg = Release|x64
		{E91900E4-E5CA-4F32-8CC5-DF629EA8A804}.Release|x64.Build.0 = Release|x64
		{E91900E4-E5CA-4F32-8CC5-DF629EA8A804}.Release|x86.ActiveCfg = Release|Win32
		{E91900E4-E5CA-4F32-8CC5-DF629EA8A804}.Release|x86.Build.0 = Release|Win32
	EndGlobalSection
	GlobalSection(SolutionProperties) = preSolution
		HideSolutionNode = FALSE
	EndGlobalSection
	GlobalSection(ExtensibilityGlobals) = postSolution
		SolutionGuid = {83FFFF58-32B1-4FB5-97CC-A3C6C5518DA1}
	EndGlobalSection
EndGlobal
