
Microsoft Visual Studio Solution File, Format Version 12.00
# Visual Studio 15
VisualStudioVersion = 15.0.28307.168
MinimumVisualStudioVersion = 10.0.40219.1
Project("{8BC9CEB8-8B4A-11D0-8D11-00A0C91BC942}") = "20200401", "20200401\20200401.vcxproj", "{0AFF1CB4-5532-4FD6-9E74-001C550A2344}"
EndProject
Global
	GlobalSection(SolutionConfigurationPlatforms) = preSolution
		Debug|x64 = Debug|x64
		Debug|x86 = Debug|x86
		Release|x64 = Release|x64
		Release|x86 = Release|x86
	EndGlobalSection
	GlobalSection(ProjectConfigurationPlatforms) = postSolution
		{0AFF1CB4-5532-4FD6-9E74-001C550A2344}.Debug|x64.ActiveCfg = Debug|x64
		{0AFF1CB4-5532-4FD6-9E74-001C550A2344}.Debug|x64.Build.0 = Debug|x64
		{0AFF1CB4-5532-4FD6-9E74-001C550A2344}.Debug|x86.ActiveCfg = Debug|Win32
		{0AFF1CB4-5532-4FD6-9E74-001C550A2344}.Debug|x86.Build.0 = Debug|Win32
		{0AFF1CB4-5532-4FD6-9E74-001C550A2344}.Release|x64.ActiveCfg = Release|x64
		{0AFF1CB4-5532-4FD6-9E74-001C550A2344}.Release|x64.Build.0 = Release|x64
		{0AFF1CB4-5532-4FD6-9E74-001C550A2344}.Release|x86.ActiveCfg = Release|Win32
		{0AFF1CB4-5532-4FD6-9E74-001C550A2344}.Release|x86.Build.0 = Release|Win32
	EndGlobalSection
	GlobalSection(SolutionProperties) = preSolution
		HideSolutionNode = FALSE
	EndGlobalSection
	GlobalSection(ExtensibilityGlobals) = postSolution
		SolutionGuid = {B5535EE7-9638-46EF-9358-AFD39F934124}
	EndGlobalSection
EndGlobal
