
Microsoft Visual Studio Solution File, Format Version 12.00
# Visual Studio 15
VisualStudioVersion = 15.0.28307.168
MinimumVisualStudioVersion = 10.0.40219.1
Project("{8BC9CEB8-8B4A-11D0-8D11-00A0C91BC942}") = "if.for", "if.for\if.for.vcxproj", "{317EDF82-902E-406D-B765-78BE245A024A}"
EndProject
Global
	GlobalSection(SolutionConfigurationPlatforms) = preSolution
		Debug|x64 = Debug|x64
		Debug|x86 = Debug|x86
		Release|x64 = Release|x64
		Release|x86 = Release|x86
	EndGlobalSection
	GlobalSection(ProjectConfigurationPlatforms) = postSolution
		{317EDF82-902E-406D-B765-78BE245A024A}.Debug|x64.ActiveCfg = Debug|x64
		{317EDF82-902E-406D-B765-78BE245A024A}.Debug|x64.Build.0 = Debug|x64
		{317EDF82-902E-406D-B765-78BE245A024A}.Debug|x86.ActiveCfg = Debug|Win32
		{317EDF82-902E-406D-B765-78BE245A024A}.Debug|x86.Build.0 = Debug|Win32
		{317EDF82-902E-406D-B765-78BE245A024A}.Release|x64.ActiveCfg = Release|x64
		{317EDF82-902E-406D-B765-78BE245A024A}.Release|x64.Build.0 = Release|x64
		{317EDF82-902E-406D-B765-78BE245A024A}.Release|x86.ActiveCfg = Release|Win32
		{317EDF82-902E-406D-B765-78BE245A024A}.Release|x86.Build.0 = Release|Win32
	EndGlobalSection
	GlobalSection(SolutionProperties) = preSolution
		HideSolutionNode = FALSE
	EndGlobalSection
	GlobalSection(ExtensibilityGlobals) = postSolution
		SolutionGuid = {87463B36-9188-44F3-9A44-033BA6170E05}
	EndGlobalSection
EndGlobal
