
Microsoft Visual Studio Solution File, Format Version 12.00
# Visual Studio 15
VisualStudioVersion = 15.0.28307.1340
MinimumVisualStudioVersion = 10.0.40219.1
Project("{8BC9CEB8-8B4A-11D0-8D11-00A0C91BC942}") = "20210227", "20210227\20210227.vcxproj", "{BBDE3870-583F-4731-9006-2AF3BB4FB6DE}"
EndProject
Global
	GlobalSection(SolutionConfigurationPlatforms) = preSolution
		Debug|x64 = Debug|x64
		Debug|x86 = Debug|x86
		Release|x64 = Release|x64
		Release|x86 = Release|x86
	EndGlobalSection
	GlobalSection(ProjectConfigurationPlatforms) = postSolution
		{BBDE3870-583F-4731-9006-2AF3BB4FB6DE}.Debug|x64.ActiveCfg = Debug|x64
		{BBDE3870-583F-4731-9006-2AF3BB4FB6DE}.Debug|x64.Build.0 = Debug|x64
		{BBDE3870-583F-4731-9006-2AF3BB4FB6DE}.Debug|x86.ActiveCfg = Debug|Win32
		{BBDE3870-583F-4731-9006-2AF3BB4FB6DE}.Debug|x86.Build.0 = Debug|Win32
		{BBDE3870-583F-4731-9006-2AF3BB4FB6DE}.Release|x64.ActiveCfg = Release|x64
		{BBDE3870-583F-4731-9006-2AF3BB4FB6DE}.Release|x64.Build.0 = Release|x64
		{BBDE3870-583F-4731-9006-2AF3BB4FB6DE}.Release|x86.ActiveCfg = Release|Win32
		{BBDE3870-583F-4731-9006-2AF3BB4FB6DE}.Release|x86.Build.0 = Release|Win32
	EndGlobalSection
	GlobalSection(SolutionProperties) = preSolution
		HideSolutionNode = FALSE
	EndGlobalSection
	GlobalSection(ExtensibilityGlobals) = postSolution
		SolutionGuid = {7547C5C5-89BE-4843-821F-4AB912313774}
	EndGlobalSection
EndGlobal
