
Microsoft Visual Studio Solution File, Format Version 12.00
# Visual Studio 15
VisualStudioVersion = 15.0.28307.168
MinimumVisualStudioVersion = 10.0.40219.1
Project("{8BC9CEB8-8B4A-11D0-8D11-00A0C91BC942}") = "20200428", "20200428\20200428.vcxproj", "{315FEA1D-1031-420E-8329-37D9EC7F916C}"
EndProject
Global
	GlobalSection(SolutionConfigurationPlatforms) = preSolution
		Debug|x64 = Debug|x64
		Debug|x86 = Debug|x86
		Release|x64 = Release|x64
		Release|x86 = Release|x86
	EndGlobalSection
	GlobalSection(ProjectConfigurationPlatforms) = postSolution
		{315FEA1D-1031-420E-8329-37D9EC7F916C}.Debug|x64.ActiveCfg = Debug|x64
		{315FEA1D-1031-420E-8329-37D9EC7F916C}.Debug|x64.Build.0 = Debug|x64
		{315FEA1D-1031-420E-8329-37D9EC7F916C}.Debug|x86.ActiveCfg = Debug|Win32
		{315FEA1D-1031-420E-8329-37D9EC7F916C}.Debug|x86.Build.0 = Debug|Win32
		{315FEA1D-1031-420E-8329-37D9EC7F916C}.Release|x64.ActiveCfg = Release|x64
		{315FEA1D-1031-420E-8329-37D9EC7F916C}.Release|x64.Build.0 = Release|x64
		{315FEA1D-1031-420E-8329-37D9EC7F916C}.Release|x86.ActiveCfg = Release|Win32
		{315FEA1D-1031-420E-8329-37D9EC7F916C}.Release|x86.Build.0 = Release|Win32
	EndGlobalSection
	GlobalSection(SolutionProperties) = preSolution
		HideSolutionNode = FALSE
	EndGlobalSection
	GlobalSection(ExtensibilityGlobals) = postSolution
		SolutionGuid = {E7F85753-D9E7-494A-BDB3-D608783E02EB}
	EndGlobalSection
EndGlobal
